
Microsoft Visual Studio Solution File, Format Version 12.00
# Visual Studio Version 17
VisualStudioVersion = 17.6.33617.297
MinimumVisualStudioVersion = 10.0.40219.1
Project("{FAE04EC0-301F-11D3-BF4B-00C04F79EFBC}") = "BlazorWpf", "BlazorWpf\BlazorWpf.csproj", "{97F019C5-3751-4682-9284-A3D2611E2799}"
EndProject
Global
	GlobalSection(SolutionConfigurationPlatforms) = preSolution
		Debug|Any CPU = Debug|Any CPU
		Release|Any CPU = Release|Any CPU
	EndGlobalSection
	GlobalSection(ProjectConfigurationPlatforms) = postSolution
		{97F019C5-3751-4682-9284-A3D2611E2799}.Debug|Any CPU.ActiveCfg = Debug|Any CPU
		{97F019C5-3751-4682-9284-A3D2611E2799}.Debug|Any CPU.Build.0 = Debug|Any CPU
		{97F019C5-3751-4682-9284-A3D2611E2799}.Release|Any CPU.ActiveCfg = Release|Any CPU
		{97F019C5-3751-4682-9284-A3D2611E2799}.Release|Any CPU.Build.0 = Release|Any CPU
	EndGlobalSection
	GlobalSection(SolutionProperties) = preSolution
		HideSolutionNode = FALSE
	EndGlobalSection
	GlobalSection(ExtensibilityGlobals) = postSolution
		SolutionGuid = {A5335BCC-A693-4ACB-9901-674618262D27}
	EndGlobalSection
EndGlobal
