Microsoft Visual Studio Solution File, Format Version 12.00
# Visual Studio Version 17
VisualStudioVersion = 17.0.31611.283
MinimumVisualStudioVersion = 10.0.40219.1
Project("{9A19103F-16F7-4668-BE54-9A1E7A4F7556}") = "BlazorMaui", "BlazorMaui\BlazorMaui.csproj", "{58935B6E-7935-4E30-8DBF-A67BFDE3F683}"
EndProject
Project("{FAE04EC0-301F-11D3-BF4B-00C04F79EFBC}") = "BlazorMaui.Shared", "BlazorMaui.Shared\BlazorMaui.Shared.csproj", "{C8F45A05-4FCC-450F-B120-E862B02DDC4C}"
EndProject
#if(!noWeb)
Project("{FAE04EC0-301F-11D3-BF4B-00C04F79EFBC}") = "BlazorMaui.Web", "BlazorMaui.Web\BlazorMaui.Web.csproj", "{83887637-D062-41AE-A7E7-F1B8737F970C}"
EndProject
Project("{FAE04EC0-301F-11D3-BF4B-00C04F79EFBC}") = "BlazorMaui.Web.Client", "BlazorMaui.Web.Client\BlazorMaui.Web.Client.csproj", "{AC2CE71D-DE33-4714-913B-D8D84454C865}"
EndProject
#endif
Global
	GlobalSection(SolutionConfigurationPlatforms) = preSolution
		Debug|Any CPU = Debug|Any CPU
		Release|Any CPU = Release|Any CPU
	EndGlobalSection
	GlobalSection(ProjectConfigurationPlatforms) = postSolution
		{58935B6E-7935-4E30-8DBF-A67BFDE3F683}.Debug|Any CPU.ActiveCfg = Debug|Any CPU
		{58935B6E-7935-4E30-8DBF-A67BFDE3F683}.Debug|Any CPU.Build.0 = Debug|Any CPU
		{58935B6E-7935-4E30-8DBF-A67BFDE3F683}.Debug|Any CPU.Deploy.0 = Debug|Any CPU
		{58935B6E-7935-4E30-8DBF-A67BFDE3F683}.Release|Any CPU.ActiveCfg = Release|Any CPU
		{58935B6E-7935-4E30-8DBF-A67BFDE3F683}.Release|Any CPU.Build.0 = Release|Any CPU
		{83887637-D062-41AE-A7E7-F1B8737F970C}.Debug|Any CPU.ActiveCfg = Debug|Any CPU
		{83887637-D062-41AE-A7E7-F1B8737F970C}.Debug|Any CPU.Build.0 = Debug|Any CPU
		{83887637-D062-41AE-A7E7-F1B8737F970C}.Release|Any CPU.ActiveCfg = Release|Any CPU
		{83887637-D062-41AE-A7E7-F1B8737F970C}.Release|Any CPU.Build.0 = Release|Any CPU
		{AC2CE71D-DE33-4714-913B-D8D84454C865}.Debug|Any CPU.ActiveCfg = Debug|Any CPU
		{AC2CE71D-DE33-4714-913B-D8D84454C865}.Debug|Any CPU.Build.0 = Debug|Any CPU
		{AC2CE71D-DE33-4714-913B-D8D84454C865}.Release|Any CPU.ActiveCfg = Release|Any CPU
		{AC2CE71D-DE33-4714-913B-D8D84454C865}.Release|Any CPU.Build.0 = Release|Any CPU
		{C8F45A05-4FCC-450F-B120-E862B02DDC4C}.Debug|Any CPU.ActiveCfg = Debug|Any CPU
		{C8F45A05-4FCC-450F-B120-E862B02DDC4C}.Debug|Any CPU.Build.0 = Debug|Any CPU
		{C8F45A05-4FCC-450F-B120-E862B02DDC4C}.Release|Any CPU.ActiveCfg = Release|Any CPU
		{C8F45A05-4FCC-450F-B120-E862B02DDC4C}.Release|Any CPU.Build.0 = Release|Any CPU
	EndGlobalSection
	GlobalSection(SolutionProperties) = preSolution
		HideSolutionNode = FALSE
	EndGlobalSection
	GlobalSection(NestedProjects) = preSolution
	EndGlobalSection
	GlobalSection(ExtensibilityGlobals) = postSolution
		SolutionGuid = {0E88533A-87A9-48F8-834B-D02820BC0C6E}
	EndGlobalSection
EndGlobal
